// !$*UTF8*$!
{
	archiveVersion = 1;
	classes = {
	};
	objectVersion = 46;
	objects = {

/* Begin PBXBuildFile section */
		CC17D4B61E514C6100EF34C6 /* K2AllocationsViewController.m in Sources */ = {isa = PBXBuildFile; fileRef = CC17D4B51E514C6100EF34C6 /* K2AllocationsViewController.m */; };
		CC17D5261E51592800EF34C6 /* PINCache.m in Sources */ = {isa = PBXBuildFile; fileRef = CC17D4FC1E51592800EF34C6 /* PINCache.m */; };
		CC17D5271E51592800EF34C6 /* PINDiskCache.m in Sources */ = {isa = PBXBuildFile; fileRef = CC17D4FE1E51592800EF34C6 /* PINDiskCache.m */; };
		CC17D5281E51592800EF34C6 /* PINMemoryCache.m in Sources */ = {isa = PBXBuildFile; fileRef = CC17D5001E51592800EF34C6 /* PINMemoryCache.m */; };
		CC17D5291E51592800EF34C6 /* NSData+ImageDetectors.m in Sources */ = {isa = PBXBuildFile; fileRef = CC17D5041E51592800EF34C6 /* NSData+ImageDetectors.m */; };
		CC17D52A1E51592800EF34C6 /* UIImage+DecodedImage.m in Sources */ = {isa = PBXBuildFile; fileRef = CC17D5061E51592800EF34C6 /* UIImage+DecodedImage.m */; };
		CC17D52B1E51592800EF34C6 /* UIImage+WebP.m in Sources */ = {isa = PBXBuildFile; fileRef = CC17D5081E51592800EF34C6 /* UIImage+WebP.m */; };
		CC17D52C1E51592800EF34C6 /* FLAnimatedImageView+PINRemoteImage.m in Sources */ = {isa = PBXBuildFile; fileRef = CC17D50B1E51592800EF34C6 /* FLAnimatedImageView+PINRemoteImage.m */; };
		CC17D52D1E51592800EF34C6 /* UIButton+PINRemoteImage.m in Sources */ = {isa = PBXBuildFile; fileRef = CC17D50D1E51592800EF34C6 /* UIButton+PINRemoteImage.m */; };
		CC17D52E1E51592800EF34C6 /* UIImageView+PINRemoteImage.m in Sources */ = {isa = PBXBuildFile; fileRef = CC17D50F1E51592800EF34C6 /* UIImageView+PINRemoteImage.m */; };
		CC17D52F1E51592800EF34C6 /* PINDataTaskOperation.m in Sources */ = {isa = PBXBuildFile; fileRef = CC17D5111E51592800EF34C6 /* PINDataTaskOperation.m */; };
		CC17D5301E51592800EF34C6 /* PINProgressiveImage.m in Sources */ = {isa = PBXBuildFile; fileRef = CC17D5131E51592800EF34C6 /* PINProgressiveImage.m */; };
		CC17D5311E51592800EF34C6 /* PINRemoteImageCallbacks.m in Sources */ = {isa = PBXBuildFile; fileRef = CC17D5161E51592800EF34C6 /* PINRemoteImageCallbacks.m */; };
		CC17D5321E51592800EF34C6 /* PINRemoteImageCategoryManager.m in Sources */ = {isa = PBXBuildFile; fileRef = CC17D5181E51592800EF34C6 /* PINRemoteImageCategoryManager.m */; };
		CC17D5331E51592800EF34C6 /* PINRemoteImageDownloadTask.m in Sources */ = {isa = PBXBuildFile; fileRef = CC17D51A1E51592800EF34C6 /* PINRemoteImageDownloadTask.m */; };
		CC17D5341E51592800EF34C6 /* PINRemoteImageManager.m in Sources */ = {isa = PBXBuildFile; fileRef = CC17D51D1E51592800EF34C6 /* PINRemoteImageManager.m */; };
		CC17D5351E51592800EF34C6 /* PINRemoteImageManagerResult.m in Sources */ = {isa = PBXBuildFile; fileRef = CC17D51F1E51592800EF34C6 /* PINRemoteImageManagerResult.m */; };
		CC17D5361E51592800EF34C6 /* PINRemoteImageProcessorTask.m in Sources */ = {isa = PBXBuildFile; fileRef = CC17D5211E51592800EF34C6 /* PINRemoteImageProcessorTask.m */; };
		CC17D5371E51592800EF34C6 /* PINRemoteImageTask.m in Sources */ = {isa = PBXBuildFile; fileRef = CC17D5231E51592800EF34C6 /* PINRemoteImageTask.m */; };
		CC17D5381E51592800EF34C6 /* PINURLSessionManager.m in Sources */ = {isa = PBXBuildFile; fileRef = CC17D5251E51592800EF34C6 /* PINURLSessionManager.m */; };
		CC17D53B1E52D15200EF34C6 /* K2LeaksViewController.m in Sources */ = {isa = PBXBuildFile; fileRef = CC17D53A1E52D15200EF34C6 /* K2LeaksViewController.m */; };
		CC9643C41E4D5F5D00D05270 /* main.m in Sources */ = {isa = PBXBuildFile; fileRef = CC9643C31E4D5F5D00D05270 /* main.m */; };
		CC9643C71E4D5F5D00D05270 /* AppDelegate.m in Sources */ = {isa = PBXBuildFile; fileRef = CC9643C61E4D5F5D00D05270 /* AppDelegate.m */; };
		CC9643CA1E4D5F5D00D05270 /* ViewController.m in Sources */ = {isa = PBXBuildFile; fileRef = CC9643C91E4D5F5D00D05270 /* ViewController.m */; };
		CC9643CD1E4D5F5D00D05270 /* Main.storyboard in Resources */ = {isa = PBXBuildFile; fileRef = CC9643CB1E4D5F5D00D05270 /* Main.storyboard */; };
		CC9643CF1E4D5F5D00D05270 /* Assets.xcassets in Resources */ = {isa = PBXBuildFile; fileRef = CC9643CE1E4D5F5D00D05270 /* Assets.xcassets */; };
		CC9643D21E4D5F5D00D05270 /* LaunchScreen.storyboard in Resources */ = {isa = PBXBuildFile; fileRef = CC9643D01E4D5F5D00D05270 /* LaunchScreen.storyboard */; };
		CC9643DD1E4D5F5D00D05270 /* InstrumentsTests.m in Sources */ = {isa = PBXBuildFile; fileRef = CC9643DC1E4D5F5D00D05270 /* InstrumentsTests.m */; };
		CC9643E81E4D5F5D00D05270 /* InstrumentsUITests.m in Sources */ = {isa = PBXBuildFile; fileRef = CC9643E71E4D5F5D00D05270 /* InstrumentsUITests.m */; };
		CC9643F71E4D66AD00D05270 /* K2TimeProfileViewController.m in Sources */ = {isa = PBXBuildFile; fileRef = CC9643F61E4D66AD00D05270 /* K2TimeProfileViewController.m */; };
		CC9643FA1E4DCF4900D05270 /* K2TimeProfileImagesViewController.m in Sources */ = {isa = PBXBuildFile; fileRef = CC9643F91E4DCF4900D05270 /* K2TimeProfileImagesViewController.m */; };
		CC9643FC1E4DD31A00D05270 /* siberian16.png in Resources */ = {isa = PBXBuildFile; fileRef = CC9643FB1E4DD31A00D05270 /* siberian16.png */; };
/* End PBXBuildFile section */

/* Begin PBXContainerItemProxy section */
		CC9643D91E4D5F5D00D05270 /* PBXContainerItemProxy */ = {
			isa = PBXContainerItemProxy;
			containerPortal = CC9643B71E4D5F5D00D05270 /* Project object */;
			proxyType = 1;
			remoteGlobalIDString = CC9643BE1E4D5F5D00D05270;
			remoteInfo = Instruments;
		};
		CC9643E41E4D5F5D00D05270 /* PBXContainerItemProxy */ = {
			isa = PBXContainerItemProxy;
			containerPortal = CC9643B71E4D5F5D00D05270 /* Project object */;
			proxyType = 1;
			remoteGlobalIDString = CC9643BE1E4D5F5D00D05270;
			remoteInfo = Instruments;
		};
/* End PBXContainerItemProxy section */

/* Begin PBXFileReference section */
		CC17D4B41E514C6100EF34C6 /* K2AllocationsViewController.h */ = {isa = PBXFileReference; fileEncoding = 4; lastKnownFileType = sourcecode.c.h; path = K2AllocationsViewController.h; sourceTree = "<group>"; };
		CC17D4B51E514C6100EF34C6 /* K2AllocationsViewController.m */ = {isa = PBXFileReference; fileEncoding = 4; lastKnownFileType = sourcecode.c.objc; path = K2AllocationsViewController.m; sourceTree = "<group>"; };
		CC17D4FA1E51592800EF34C6 /* Nullability.h */ = {isa = PBXFileReference; fileEncoding = 4; lastKnownFileType = sourcecode.c.h; path = Nullability.h; sourceTree = "<group>"; };
		CC17D4FB1E51592800EF34C6 /* PINCache.h */ = {isa = PBXFileReference; fileEncoding = 4; lastKnownFileType = sourcecode.c.h; path = PINCache.h; sourceTree = "<group>"; };
		CC17D4FC1E51592800EF34C6 /* PINCache.m */ = {isa = PBXFileReference; fileEncoding = 4; lastKnownFileType = sourcecode.c.objc; path = PINCache.m; sourceTree = "<group>"; };
		CC17D4FD1E51592800EF34C6 /* PINDiskCache.h */ = {isa = PBXFileReference; fileEncoding = 4; lastKnownFileType = sourcecode.c.h; path = PINDiskCache.h; sourceTree = "<group>"; };
		CC17D4FE1E51592800EF34C6 /* PINDiskCache.m */ = {isa = PBXFileReference; fileEncoding = 4; lastKnownFileType = sourcecode.c.objc; path = PINDiskCache.m; sourceTree = "<group>"; };
		CC17D4FF1E51592800EF34C6 /* PINMemoryCache.h */ = {isa = PBXFileReference; fileEncoding = 4; lastKnownFileType = sourcecode.c.h; path = PINMemoryCache.h; sourceTree = "<group>"; };
		CC17D5001E51592800EF34C6 /* PINMemoryCache.m */ = {isa = PBXFileReference; fileEncoding = 4; lastKnownFileType = sourcecode.c.objc; path = PINMemoryCache.m; sourceTree = "<group>"; };
		CC17D5031E51592800EF34C6 /* NSData+ImageDetectors.h */ = {isa = PBXFileReference; fileEncoding = 4; lastKnownFileType = sourcecode.c.h; path = "NSData+ImageDetectors.h"; sourceTree = "<group>"; };
		CC17D5041E51592800EF34C6 /* NSData+ImageDetectors.m */ = {isa = PBXFileReference; fileEncoding = 4; lastKnownFileType = sourcecode.c.objc; path = "NSData+ImageDetectors.m"; sourceTree = "<group>"; };
		CC17D5051E51592800EF34C6 /* UIImage+DecodedImage.h */ = {isa = PBXFileReference; fileEncoding = 4; lastKnownFileType = sourcecode.c.h; path = "UIImage+DecodedImage.h"; sourceTree = "<group>"; };
		CC17D5061E51592800EF34C6 /* UIImage+DecodedImage.m */ = {isa = PBXFileReference; fileEncoding = 4; lastKnownFileType = sourcecode.c.objc; path = "UIImage+DecodedImage.m"; sourceTree = "<group>"; };
		CC17D5071E51592800EF34C6 /* UIImage+WebP.h */ = {isa = PBXFileReference; fileEncoding = 4; lastKnownFileType = sourcecode.c.h; path = "UIImage+WebP.h"; sourceTree = "<group>"; };
		CC17D5081E51592800EF34C6 /* UIImage+WebP.m */ = {isa = PBXFileReference; fileEncoding = 4; lastKnownFileType = sourcecode.c.objc; path = "UIImage+WebP.m"; sourceTree = "<group>"; };
		CC17D50A1E51592800EF34C6 /* FLAnimatedImageView+PINRemoteImage.h */ = {isa = PBXFileReference; fileEncoding = 4; lastKnownFileType = sourcecode.c.h; path = "FLAnimatedImageView+PINRemoteImage.h"; sourceTree = "<group>"; };
		CC17D50B1E51592800EF34C6 /* FLAnimatedImageView+PINRemoteImage.m */ = {isa = PBXFileReference; fileEncoding = 4; lastKnownFileType = sourcecode.c.objc; path = "FLAnimatedImageView+PINRemoteImage.m"; sourceTree = "<group>"; };
		CC17D50C1E51592800EF34C6 /* UIButton+PINRemoteImage.h */ = {isa = PBXFileReference; fileEncoding = 4; lastKnownFileType = sourcecode.c.h; path = "UIButton+PINRemoteImage.h"; sourceTree = "<group>"; };
		CC17D50D1E51592800EF34C6 /* UIButton+PINRemoteImage.m */ = {isa = PBXFileReference; fileEncoding = 4; lastKnownFileType = sourcecode.c.objc; path = "UIButton+PINRemoteImage.m"; sourceTree = "<group>"; };
		CC17D50E1E51592800EF34C6 /* UIImageView+PINRemoteImage.h */ = {isa = PBXFileReference; fileEncoding = 4; lastKnownFileType = sourcecode.c.h; path = "UIImageView+PINRemoteImage.h"; sourceTree = "<group>"; };
		CC17D50F1E51592800EF34C6 /* UIImageView+PINRemoteImage.m */ = {isa = PBXFileReference; fileEncoding = 4; lastKnownFileType = sourcecode.c.objc; path = "UIImageView+PINRemoteImage.m"; sourceTree = "<group>"; };
		CC17D5101E51592800EF34C6 /* PINDataTaskOperation.h */ = {isa = PBXFileReference; fileEncoding = 4; lastKnownFileType = sourcecode.c.h; path = PINDataTaskOperation.h; sourceTree = "<group>"; };
		CC17D5111E51592800EF34C6 /* PINDataTaskOperation.m */ = {isa = PBXFileReference; fileEncoding = 4; lastKnownFileType = sourcecode.c.objc; path = PINDataTaskOperation.m; sourceTree = "<group>"; };
		CC17D5121E51592800EF34C6 /* PINProgressiveImage.h */ = {isa = PBXFileReference; fileEncoding = 4; lastKnownFileType = sourcecode.c.h; path = PINProgressiveImage.h; sourceTree = "<group>"; };
		CC17D5131E51592800EF34C6 /* PINProgressiveImage.m */ = {isa = PBXFileReference; fileEncoding = 4; lastKnownFileType = sourcecode.c.objc; path = PINProgressiveImage.m; sourceTree = "<group>"; };
		CC17D5141E51592800EF34C6 /* PINRemoteImage.h */ = {isa = PBXFileReference; fileEncoding = 4; lastKnownFileType = sourcecode.c.h; path = PINRemoteImage.h; sourceTree = "<group>"; };
		CC17D5151E51592800EF34C6 /* PINRemoteImageCallbacks.h */ = {isa = PBXFileReference; fileEncoding = 4; lastKnownFileType = sourcecode.c.h; path = PINRemoteImageCallbacks.h; sourceTree = "<group>"; };
		CC17D5161E51592800EF34C6 /* PINRemoteImageCallbacks.m */ = {isa = PBXFileReference; fileEncoding = 4; lastKnownFileType = sourcecode.c.objc; path = PINRemoteImageCallbacks.m; sourceTree = "<group>"; };
		CC17D5171E51592800EF34C6 /* PINRemoteImageCategoryManager.h */ = {isa = PBXFileReference; fileEncoding = 4; lastKnownFileType = sourcecode.c.h; path = PINRemoteImageCategoryManager.h; sourceTree = "<group>"; };
		CC17D5181E51592800EF34C6 /* PINRemoteImageCategoryManager.m */ = {isa = PBXFileReference; fileEncoding = 4; lastKnownFileType = sourcecode.c.objc; path = PINRemoteImageCategoryManager.m; sourceTree = "<group>"; };
		CC17D5191E51592800EF34C6 /* PINRemoteImageDownloadTask.h */ = {isa = PBXFileReference; fileEncoding = 4; lastKnownFileType = sourcecode.c.h; path = PINRemoteImageDownloadTask.h; sourceTree = "<group>"; };
		CC17D51A1E51592800EF34C6 /* PINRemoteImageDownloadTask.m */ = {isa = PBXFileReference; fileEncoding = 4; lastKnownFileType = sourcecode.c.objc; path = PINRemoteImageDownloadTask.m; sourceTree = "<group>"; };
		CC17D51B1E51592800EF34C6 /* PINRemoteImageMacros.h */ = {isa = PBXFileReference; fileEncoding = 4; lastKnownFileType = sourcecode.c.h; path = PINRemoteImageMacros.h; sourceTree = "<group>"; };
		CC17D51C1E51592800EF34C6 /* PINRemoteImageManager.h */ = {isa = PBXFileReference; fileEncoding = 4; lastKnownFileType = sourcecode.c.h; path = PINRemoteImageManager.h; sourceTree = "<group>"; };
		CC17D51D1E51592800EF34C6 /* PINRemoteImageManager.m */ = {isa = PBXFileReference; fileEncoding = 4; lastKnownFileType = sourcecode.c.objc; path = PINRemoteImageManager.m; sourceTree = "<group>"; };
		CC17D51E1E51592800EF34C6 /* PINRemoteImageManagerResult.h */ = {isa = PBXFileReference; fileEncoding = 4; lastKnownFileType = sourcecode.c.h; path = PINRemoteImageManagerResult.h; sourceTree = "<group>"; };
		CC17D51F1E51592800EF34C6 /* PINRemoteImageManagerResult.m */ = {isa = PBXFileReference; fileEncoding = 4; lastKnownFileType = sourcecode.c.objc; path = PINRemoteImageManagerResult.m; sourceTree = "<group>"; };
		CC17D5201E51592800EF34C6 /* PINRemoteImageProcessorTask.h */ = {isa = PBXFileReference; fileEncoding = 4; lastKnownFileType = sourcecode.c.h; path = PINRemoteImageProcessorTask.h; sourceTree = "<group>"; };
		CC17D5211E51592800EF34C6 /* PINRemoteImageProcessorTask.m */ = {isa = PBXFileReference; fileEncoding = 4; lastKnownFileType = sourcecode.c.objc; path = PINRemoteImageProcessorTask.m; sourceTree = "<group>"; };
		CC17D5221E51592800EF34C6 /* PINRemoteImageTask.h */ = {isa = PBXFileReference; fileEncoding = 4; lastKnownFileType = sourcecode.c.h; path = PINRemoteImageTask.h; sourceTree = "<group>"; };
		CC17D5231E51592800EF34C6 /* PINRemoteImageTask.m */ = {isa = PBXFileReference; fileEncoding = 4; lastKnownFileType = sourcecode.c.objc; path = PINRemoteImageTask.m; sourceTree = "<group>"; };
		CC17D5241E51592800EF34C6 /* PINURLSessionManager.h */ = {isa = PBXFileReference; fileEncoding = 4; lastKnownFileType = sourcecode.c.h; path = PINURLSessionManager.h; sourceTree = "<group>"; };
		CC17D5251E51592800EF34C6 /* PINURLSessionManager.m */ = {isa = PBXFileReference; fileEncoding = 4; lastKnownFileType = sourcecode.c.objc; path = PINURLSessionManager.m; sourceTree = "<group>"; };
		CC17D5391E52D15200EF34C6 /* K2LeaksViewController.h */ = {isa = PBXFileReference; fileEncoding = 4; lastKnownFileType = sourcecode.c.h; path = K2LeaksViewController.h; sourceTree = "<group>"; };
		CC17D53A1E52D15200EF34C6 /* K2LeaksViewController.m */ = {isa = PBXFileReference; fileEncoding = 4; lastKnownFileType = sourcecode.c.objc; path = K2LeaksViewController.m; sourceTree = "<group>"; };
		CC9643BF1E4D5F5D00D05270 /* Instruments.app */ = {isa = PBXFileReference; explicitFileType = wrapper.application; includeInIndex = 0; path = Instruments.app; sourceTree = BUILT_PRODUCTS_DIR; };
		CC9643C31E4D5F5D00D05270 /* main.m */ = {isa = PBXFileReference; lastKnownFileType = sourcecode.c.objc; path = main.m; sourceTree = "<group>"; };
		CC9643C51E4D5F5D00D05270 /* AppDelegate.h */ = {isa = PBXFileReference; lastKnownFileType = sourcecode.c.h; path = AppDelegate.h; sourceTree = "<group>"; };
		CC9643C61E4D5F5D00D05270 /* AppDelegate.m */ = {isa = PBXFileReference; lastKnownFileType = sourcecode.c.objc; path = AppDelegate.m; sourceTree = "<group>"; };
		CC9643C81E4D5F5D00D05270 /* ViewController.h */ = {isa = PBXFileReference; lastKnownFileType = sourcecode.c.h; path = ViewController.h; sourceTree = "<group>"; };
		CC9643C91E4D5F5D00D05270 /* ViewController.m */ = {isa = PBXFileReference; lastKnownFileType = sourcecode.c.objc; path = ViewController.m; sourceTree = "<group>"; };
		CC9643CC1E4D5F5D00D05270 /* Base */ = {isa = PBXFileReference; lastKnownFileType = file.storyboard; name = Base; path = Base.lproj/Main.storyboard; sourceTree = "<group>"; };
		CC9643CE1E4D5F5D00D05270 /* Assets.xcassets */ = {isa = PBXFileReference; lastKnownFileType = folder.assetcatalog; path = Assets.xcassets; sourceTree = "<group>"; };
		CC9643D11E4D5F5D00D05270 /* Base */ = {isa = PBXFileReference; lastKnownFileType = file.storyboard; name = Base; path = Base.lproj/LaunchScreen.storyboard; sourceTree = "<group>"; };
		CC9643D31E4D5F5D00D05270 /* Info.plist */ = {isa = PBXFileReference; lastKnownFileType = text.plist.xml; path = Info.plist; sourceTree = "<group>"; };
		CC9643D81E4D5F5D00D05270 /* InstrumentsTests.xctest */ = {isa = PBXFileReference; explicitFileType = wrapper.cfbundle; includeInIndex = 0; path = InstrumentsTests.xctest; sourceTree = BUILT_PRODUCTS_DIR; };
		CC9643DC1E4D5F5D00D05270 /* InstrumentsTests.m */ = {isa = PBXFileReference; lastKnownFileType = sourcecode.c.objc; path = InstrumentsTests.m; sourceTree = "<group>"; };
		CC9643DE1E4D5F5D00D05270 /* Info.plist */ = {isa = PBXFileReference; lastKnownFileType = text.plist.xml; path = Info.plist; sourceTree = "<group>"; };
		CC9643E31E4D5F5D00D05270 /* InstrumentsUITests.xctest */ = {isa = PBXFileReference; explicitFileType = wrapper.cfbundle; includeInIndex = 0; path = InstrumentsUITests.xctest; sourceTree = BUILT_PRODUCTS_DIR; };
		CC9643E71E4D5F5D00D05270 /* InstrumentsUITests.m */ = {isa = PBXFileReference; lastKnownFileType = sourcecode.c.objc; path = InstrumentsUITests.m; sourceTree = "<group>"; };
		CC9643E91E4D5F5D00D05270 /* Info.plist */ = {isa = PBXFileReference; lastKnownFileType = text.plist.xml; path = Info.plist; sourceTree = "<group>"; };
		CC9643F51E4D66AD00D05270 /* K2TimeProfileViewController.h */ = {isa = PBXFileReference; fileEncoding = 4; lastKnownFileType = sourcecode.c.h; path = K2TimeProfileViewController.h; sourceTree = "<group>"; };
		CC9643F61E4D66AD00D05270 /* K2TimeProfileViewController.m */ = {isa = PBXFileReference; fileEncoding = 4; lastKnownFileType = sourcecode.c.objc; path = K2TimeProfileViewController.m; sourceTree = "<group>"; };
		CC9643F81E4DCF4900D05270 /* K2TimeProfileImagesViewController.h */ = {isa = PBXFileReference; fileEncoding = 4; lastKnownFileType = sourcecode.c.h; path = K2TimeProfileImagesViewController.h; sourceTree = "<group>"; };
		CC9643F91E4DCF4900D05270 /* K2TimeProfileImagesViewController.m */ = {isa = PBXFileReference; fileEncoding = 4; lastKnownFileType = sourcecode.c.objc; path = K2TimeProfileImagesViewController.m; sourceTree = "<group>"; };
		CC9643FB1E4DD31A00D05270 /* siberian16.png */ = {isa = PBXFileReference; lastKnownFileType = image.png; path = siberian16.png; sourceTree = "<group>"; };
/* End PBXFileReference section */

/* Begin PBXFrameworksBuildPhase section */
		CC9643BC1E4D5F5D00D05270 /* Frameworks */ = {
			isa = PBXFrameworksBuildPhase;
			buildActionMask = 2147483647;
			files = (
			);
			runOnlyForDeploymentPostprocessing = 0;
		};
		CC9643D51E4D5F5D00D05270 /* Frameworks */ = {
			isa = PBXFrameworksBuildPhase;
			buildActionMask = 2147483647;
			files = (
			);
			runOnlyForDeploymentPostprocessing = 0;
		};
		CC9643E01E4D5F5D00D05270 /* Frameworks */ = {
			isa = PBXFrameworksBuildPhase;
			buildActionMask = 2147483647;
			files = (
			);
			runOnlyForDeploymentPostprocessing = 0;
		};
/* End PBXFrameworksBuildPhase section */

/* Begin PBXGroup section */
		CC17D4B71E5157E000EF34C6 /* Vender */ = {
			isa = PBXGroup;
			children = (
				CC17D4F91E51592800EF34C6 /* PINCache */,
				CC17D5011E51592800EF34C6 /* PINRemoteImage */,
			);
			name = Vender;
			sourceTree = "<group>";
		};
		CC17D4F91E51592800EF34C6 /* PINCache */ = {
			isa = PBXGroup;
			children = (
				CC17D4FA1E51592800EF34C6 /* Nullability.h */,
				CC17D4FB1E51592800EF34C6 /* PINCache.h */,
				CC17D4FC1E51592800EF34C6 /* PINCache.m */,
				CC17D4FD1E51592800EF34C6 /* PINDiskCache.h */,
				CC17D4FE1E51592800EF34C6 /* PINDiskCache.m */,
				CC17D4FF1E51592800EF34C6 /* PINMemoryCache.h */,
				CC17D5001E51592800EF34C6 /* PINMemoryCache.m */,
			);
			name = PINCache;
			path = Vender/PINCache;
			sourceTree = "<group>";
		};
		CC17D5011E51592800EF34C6 /* PINRemoteImage */ = {
			isa = PBXGroup;
			children = (
				CC17D5021E51592800EF34C6 /* Categories */,
				CC17D5091E51592800EF34C6 /* Image Categories */,
				CC17D5101E51592800EF34C6 /* PINDataTaskOperation.h */,
				CC17D5111E51592800EF34C6 /* PINDataTaskOperation.m */,
				CC17D5121E51592800EF34C6 /* PINProgressiveImage.h */,
				CC17D5131E51592800EF34C6 /* PINProgressiveImage.m */,
				CC17D5141E51592800EF34C6 /* PINRemoteImage.h */,
				CC17D5151E51592800EF34C6 /* PINRemoteImageCallbacks.h */,
				CC17D5161E51592800EF34C6 /* PINRemoteImageCallbacks.m */,
				CC17D5171E51592800EF34C6 /* PINRemoteImageCategoryManager.h */,
				CC17D5181E51592800EF34C6 /* PINRemoteImageCategoryManager.m */,
				CC17D5191E51592800EF34C6 /* PINRemoteImageDownloadTask.h */,
				CC17D51A1E51592800EF34C6 /* PINRemoteImageDownloadTask.m */,
				CC17D51B1E51592800EF34C6 /* PINRemoteImageMacros.h */,
				CC17D51C1E51592800EF34C6 /* PINRemoteImageManager.h */,
				CC17D51D1E51592800EF34C6 /* PINRemoteImageManager.m */,
				CC17D51E1E51592800EF34C6 /* PINRemoteImageManagerResult.h */,
				CC17D51F1E51592800EF34C6 /* PINRemoteImageManagerResult.m */,
				CC17D5201E51592800EF34C6 /* PINRemoteImageProcessorTask.h */,
				CC17D5211E51592800EF34C6 /* PINRemoteImageProcessorTask.m */,
				CC17D5221E51592800EF34C6 /* PINRemoteImageTask.h */,
				CC17D5231E51592800EF34C6 /* PINRemoteImageTask.m */,
				CC17D5241E51592800EF34C6 /* PINURLSessionManager.h */,
				CC17D5251E51592800EF34C6 /* PINURLSessionManager.m */,
			);
			name = PINRemoteImage;
			path = Vender/PINRemoteImage;
			sourceTree = "<group>";
		};
		CC17D5021E51592800EF34C6 /* Categories */ = {
			isa = PBXGroup;
			children = (
				CC17D5031E51592800EF34C6 /* NSData+ImageDetectors.h */,
				CC17D5041E51592800EF34C6 /* NSData+ImageDetectors.m */,
				CC17D5051E51592800EF34C6 /* UIImage+DecodedImage.h */,
				CC17D5061E51592800EF34C6 /* UIImage+DecodedImage.m */,
				CC17D5071E51592800EF34C6 /* UIImage+WebP.h */,
				CC17D5081E51592800EF34C6 /* UIImage+WebP.m */,
			);
			path = Categories;
			sourceTree = "<group>";
		};
		CC17D5091E51592800EF34C6 /* Image Categories */ = {
			isa = PBXGroup;
			children = (
				CC17D50A1E51592800EF34C6 /* FLAnimatedImageView+PINRemoteImage.h */,
				CC17D50B1E51592800EF34C6 /* FLAnimatedImageView+PINRemoteImage.m */,
				CC17D50C1E51592800EF34C6 /* UIButton+PINRemoteImage.h */,
				CC17D50D1E51592800EF34C6 /* UIButton+PINRemoteImage.m */,
				CC17D50E1E51592800EF34C6 /* UIImageView+PINRemoteImage.h */,
				CC17D50F1E51592800EF34C6 /* UIImageView+PINRemoteImage.m */,
			);
			path = "Image Categories";
			sourceTree = "<group>";
		};
		CC9643B61E4D5F5D00D05270 = {
			isa = PBXGroup;
			children = (
				CC9643C11E4D5F5D00D05270 /* Instruments */,
				CC9643DB1E4D5F5D00D05270 /* InstrumentsTests */,
				CC9643E61E4D5F5D00D05270 /* InstrumentsUITests */,
				CC9643C01E4D5F5D00D05270 /* Products */,
			);
			sourceTree = "<group>";
		};
		CC9643C01E4D5F5D00D05270 /* Products */ = {
			isa = PBXGroup;
			children = (
				CC9643BF1E4D5F5D00D05270 /* Instruments.app */,
				CC9643D81E4D5F5D00D05270 /* InstrumentsTests.xctest */,
				CC9643E31E4D5F5D00D05270 /* InstrumentsUITests.xctest */,
			);
			name = Products;
			sourceTree = "<group>";
		};
		CC9643C11E4D5F5D00D05270 /* Instruments */ = {
			isa = PBXGroup;
			children = (
				CC17D4B71E5157E000EF34C6 /* Vender */,
				CC9643CB1E4D5F5D00D05270 /* Main.storyboard */,
				CC9643F51E4D66AD00D05270 /* K2TimeProfileViewController.h */,
				CC9643F61E4D66AD00D05270 /* K2TimeProfileViewController.m */,
				CC9643F81E4DCF4900D05270 /* K2TimeProfileImagesViewController.h */,
				CC9643F91E4DCF4900D05270 /* K2TimeProfileImagesViewController.m */,
				CC17D4B41E514C6100EF34C6 /* K2AllocationsViewController.h */,
				CC17D4B51E514C6100EF34C6 /* K2AllocationsViewController.m */,
				CC17D5391E52D15200EF34C6 /* K2LeaksViewController.h */,
				CC17D53A1E52D15200EF34C6 /* K2LeaksViewController.m */,
				CC9643C81E4D5F5D00D05270 /* ViewController.h */,
				CC9643C91E4D5F5D00D05270 /* ViewController.m */,
				CC9643C21E4D5F5D00D05270 /* Supporting Files */,
			);
			path = Instruments;
			sourceTree = "<group>";
		};
		CC9643C21E4D5F5D00D05270 /* Supporting Files */ = {
			isa = PBXGroup;
			children = (
				CC9643FB1E4DD31A00D05270 /* siberian16.png */,
				CC9643C51E4D5F5D00D05270 /* AppDelegate.h */,
				CC9643C61E4D5F5D00D05270 /* AppDelegate.m */,
				CC9643CE1E4D5F5D00D05270 /* Assets.xcassets */,
				CC9643D01E4D5F5D00D05270 /* LaunchScreen.storyboard */,
				CC9643D31E4D5F5D00D05270 /* Info.plist */,
				CC9643C31E4D5F5D00D05270 /* main.m */,
			);
			name = "Supporting Files";
			sourceTree = "<group>";
		};
		CC9643DB1E4D5F5D00D05270 /* InstrumentsTests */ = {
			isa = PBXGroup;
			children = (
				CC9643DC1E4D5F5D00D05270 /* InstrumentsTests.m */,
				CC9643DE1E4D5F5D00D05270 /* Info.plist */,
			);
			path = InstrumentsTests;
			sourceTree = "<group>";
		};
		CC9643E61E4D5F5D00D05270 /* InstrumentsUITests */ = {
			isa = PBXGroup;
			children = (
				CC9643E71E4D5F5D00D05270 /* InstrumentsUITests.m */,
				CC9643E91E4D5F5D00D05270 /* Info.plist */,
			);
			path = InstrumentsUITests;
			sourceTree = "<group>";
		};
/* End PBXGroup section */

/* Begin PBXNativeTarget section */
		CC9643BE1E4D5F5D00D05270 /* Instruments */ = {
			isa = PBXNativeTarget;
			buildConfigurationList = CC9643EC1E4D5F5D00D05270 /* Build configuration list for PBXNativeTarget "Instruments" */;
			buildPhases = (
				CC9643BB1E4D5F5D00D05270 /* Sources */,
				CC9643BC1E4D5F5D00D05270 /* Frameworks */,
				CC9643BD1E4D5F5D00D05270 /* Resources */,
			);
			buildRules = (
			);
			dependencies = (
			);
			name = Instruments;
			productName = Instruments;
			productReference = CC9643BF1E4D5F5D00D05270 /* Instruments.app */;
			productType = "com.apple.product-type.application";
		};
		CC9643D71E4D5F5D00D05270 /* InstrumentsTests */ = {
			isa = PBXNativeTarget;
			buildConfigurationList = CC9643EF1E4D5F5D00D05270 /* Build configuration list for PBXNativeTarget "InstrumentsTests" */;
			buildPhases = (
				CC9643D41E4D5F5D00D05270 /* Sources */,
				CC9643D51E4D5F5D00D05270 /* Frameworks */,
				CC9643D61E4D5F5D00D05270 /* Resources */,
			);
			buildRules = (
			);
			dependencies = (
				CC9643DA1E4D5F5D00D05270 /* PBXTargetDependency */,
			);
			name = InstrumentsTests;
			productName = InstrumentsTests;
			productReference = CC9643D81E4D5F5D00D05270 /* InstrumentsTests.xctest */;
			productType = "com.apple.product-type.bundle.unit-test";
		};
		CC9643E21E4D5F5D00D05270 /* InstrumentsUITests */ = {
			isa = PBXNativeTarget;
			buildConfigurationList = CC9643F21E4D5F5D00D05270 /* Build configuration list for PBXNativeTarget "InstrumentsUITests" */;
			buildPhases = (
				CC9643DF1E4D5F5D00D05270 /* Sources */,
				CC9643E01E4D5F5D00D05270 /* Frameworks */,
				CC9643E11E4D5F5D00D05270 /* Resources */,
			);
			buildRules = (
			);
			dependencies = (
				CC9643E51E4D5F5D00D05270 /* PBXTargetDependency */,
			);
			name = InstrumentsUITests;
			productName = InstrumentsUITests;
			productReference = CC9643E31E4D5F5D00D05270 /* InstrumentsUITests.xctest */;
			productType = "com.apple.product-type.bundle.ui-testing";
		};
/* End PBXNativeTarget section */

/* Begin PBXProject section */
		CC9643B71E4D5F5D00D05270 /* Project object */ = {
			isa = PBXProject;
			attributes = {
				LastUpgradeCheck = 0800;
				ORGANIZATIONNAME = site.ok2;
				TargetAttributes = {
					CC9643BE1E4D5F5D00D05270 = {
						CreatedOnToolsVersion = 8.0;
						ProvisioningStyle = Automatic;
					};
					CC9643D71E4D5F5D00D05270 = {
						CreatedOnToolsVersion = 8.0;
						ProvisioningStyle = Automatic;
						TestTargetID = CC9643BE1E4D5F5D00D05270;
					};
					CC9643E21E4D5F5D00D05270 = {
						CreatedOnToolsVersion = 8.0;
						ProvisioningStyle = Automatic;
						TestTargetID = CC9643BE1E4D5F5D00D05270;
					};
				};
			};
			buildConfigurationList = CC9643BA1E4D5F5D00D05270 /* Build configuration list for PBXProject "Instruments" */;
			compatibilityVersion = "Xcode 3.2";
			developmentRegion = English;
			hasScannedForEncodings = 0;
			knownRegions = (
				en,
				Base,
			);
			mainGroup = CC9643B61E4D5F5D00D05270;
			productRefGroup = CC9643C01E4D5F5D00D05270 /* Products */;
			projectDirPath = "";
			projectRoot = "";
			targets = (
				CC9643BE1E4D5F5D00D05270 /* Instruments */,
				CC9643D71E4D5F5D00D05270 /* InstrumentsTests */,
				CC9643E21E4D5F5D00D05270 /* InstrumentsUITests */,
			);
		};
/* End PBXProject section */

/* Begin PBXResourcesBuildPhase section */
		CC9643BD1E4D5F5D00D05270 /* Resources */ = {
			isa = PBXResourcesBuildPhase;
			buildActionMask = 2147483647;
			files = (
				CC9643D21E4D5F5D00D05270 /* LaunchScreen.storyboard in Resources */,
				CC9643FC1E4DD31A00D05270 /* siberian16.png in Resources */,
				CC9643CF1E4D5F5D00D05270 /* Assets.xcassets in Resources */,
				CC9643CD1E4D5F5D00D05270 /* Main.storyboard in Resources */,
			);
			runOnlyForDeploymentPostprocessing = 0;
		};
		CC9643D61E4D5F5D00D05270 /* Resources */ = {
			isa = PBXResourcesBuildPhase;
			buildActionMask = 2147483647;
			files = (
			);
			runOnlyForDeploymentPostprocessing = 0;
		};
		CC9643E11E4D5F5D00D05270 /* Resources */ = {
			isa = PBXResourcesBuildPhase;
			buildActionMask = 2147483647;
			files = (
			);
			runOnlyForDeploymentPostprocessing = 0;
		};
/* End PBXResourcesBuildPhase section */

/* Begin PBXSourcesBuildPhase section */
		CC9643BB1E4D5F5D00D05270 /* Sources */ = {
			isa = PBXSourcesBuildPhase;
			buildActionMask = 2147483647;
			files = (
				CC9643F71E4D66AD00D05270 /* K2TimeProfileViewController.m in Sources */,
				CC17D5301E51592800EF34C6 /* PINProgressiveImage.m in Sources */,
				CC17D5381E51592800EF34C6 /* PINURLSessionManager.m in Sources */,
				CC9643CA1E4D5F5D00D05270 /* ViewController.m in Sources */,
				CC9643C71E4D5F5D00D05270 /* AppDelegate.m in Sources */,
				CC17D5311E51592800EF34C6 /* PINRemoteImageCallbacks.m in Sources */,
				CC17D52C1E51592800EF34C6 /* FLAnimatedImageView+PINRemoteImage.m in Sources */,
				CC9643C41E4D5F5D00D05270 /* main.m in Sources */,
				CC17D5291E51592800EF34C6 /* NSData+ImageDetectors.m in Sources */,
				CC17D5371E51592800EF34C6 /* PINRemoteImageTask.m in Sources */,
				CC17D5331E51592800EF34C6 /* PINRemoteImageDownloadTask.m in Sources */,
				CC17D5361E51592800EF34C6 /* PINRemoteImageProcessorTask.m in Sources */,
				CC17D52F1E51592800EF34C6 /* PINDataTaskOperation.m in Sources */,
				CC17D5351E51592800EF34C6 /* PINRemoteImageManagerResult.m in Sources */,
				CC17D5281E51592800EF34C6 /* PINMemoryCache.m in Sources */,
				CC17D52D1E51592800EF34C6 /* UIButton+PINRemoteImage.m in Sources */,
				CC9643FA1E4DCF4900D05270 /* K2TimeProfileImagesViewController.m in Sources */,
				CC17D52B1E51592800EF34C6 /* UIImage+WebP.m in Sources */,
				CC17D52E1E51592800EF34C6 /* UIImageView+PINRemoteImage.m in Sources */,
				CC17D4B61E514C6100EF34C6 /* K2AllocationsViewController.m in Sources */,
				CC17D5261E51592800EF34C6 /* PINCache.m in Sources */,
				CC17D52A1E51592800EF34C6 /* UIImage+DecodedImage.m in Sources */,
				CC17D53B1E52D15200EF34C6 /* K2LeaksViewController.m in Sources */,
				CC17D5321E51592800EF34C6 /* PINRemoteImageCategoryManager.m in Sources */,
				CC17D5271E51592800EF34C6 /* PINDiskCache.m in Sources */,
				CC17D5341E51592800EF34C6 /* PINRemoteImageManager.m in Sources */,
			);
			runOnlyForDeploymentPostprocessing = 0;
		};
		CC9643D41E4D5F5D00D05270 /* Sources */ = {
			isa = PBXSourcesBuildPhase;
			buildActionMask = 2147483647;
			files = (
				CC9643DD1E4D5F5D00D05270 /* InstrumentsTests.m in Sources */,
			);
			runOnlyForDeploymentPostprocessing = 0;
		};
		CC9643DF1E4D5F5D00D05270 /* Sources */ = {
			isa = PBXSourcesBuildPhase;
			buildActionMask = 2147483647;
			files = (
				CC9643E81E4D5F5D00D05270 /* InstrumentsUITests.m in Sources */,
			);
			runOnlyForDeploymentPostprocessing = 0;
		};
/* End PBXSourcesBuildPhase section */

/* Begin PBXTargetDependency section */
		CC9643DA1E4D5F5D00D05270 /* PBXTargetDependency */ = {
			isa = PBXTargetDependency;
			target = CC9643BE1E4D5F5D00D05270 /* Instruments */;
			targetProxy = CC9643D91E4D5F5D00D05270 /* PBXContainerItemProxy */;
		};
		CC9643E51E4D5F5D00D05270 /* PBXTargetDependency */ = {
			isa = PBXTargetDependency;
			target = CC9643BE1E4D5F5D00D05270 /* Instruments */;
			targetProxy = CC9643E41E4D5F5D00D05270 /* PBXContainerItemProxy */;
		};
/* End PBXTargetDependency section */

/* Begin PBXVariantGroup section */
		CC9643CB1E4D5F5D00D05270 /* Main.storyboard */ = {
			isa = PBXVariantGroup;
			children = (
				CC9643CC1E4D5F5D00D05270 /* Base */,
			);
			name = Main.storyboard;
			sourceTree = "<group>";
		};
		CC9643D01E4D5F5D00D05270 /* LaunchScreen.storyboard */ = {
			isa = PBXVariantGroup;
			children = (
				CC9643D11E4D5F5D00D05270 /* Base */,
			);
			name = LaunchScreen.storyboard;
			sourceTree = "<group>";
		};
/* End PBXVariantGroup section */

/* Begin XCBuildConfiguration section */
		CC9643EA1E4D5F5D00D05270 /* Debug */ = {
			isa = XCBuildConfiguration;
			buildSettings = {
				ALWAYS_SEARCH_USER_PATHS = NO;
				CLANG_ANALYZER_NONNULL = YES;
				CLANG_CXX_LANGUAGE_STANDARD = "gnu++0x";
				CLANG_CXX_LIBRARY = "libc++";
				CLANG_ENABLE_MODULES = YES;
				CLANG_ENABLE_OBJC_ARC = YES;
				CLANG_WARN_BOOL_CONVERSION = YES;
				CLANG_WARN_CONSTANT_CONVERSION = YES;
				CLANG_WARN_DIRECT_OBJC_ISA_USAGE = YES_ERROR;
				CLANG_WARN_DOCUMENTATION_COMMENTS = YES;
				CLANG_WARN_EMPTY_BODY = YES;
				CLANG_WARN_ENUM_CONVERSION = YES;
				CLANG_WARN_INFINITE_RECURSION = YES;
				CLANG_WARN_INT_CONVERSION = YES;
				CLANG_WARN_OBJC_ROOT_CLASS = YES_ERROR;
				CLANG_WARN_SUSPICIOUS_MOVES = YES;
				CLANG_WARN_UNREACHABLE_CODE = YES;
				CLANG_WARN__DUPLICATE_METHOD_MATCH = YES;
				"CODE_SIGN_IDENTITY[sdk=iphoneos*]" = "iPhone Developer";
				COPY_PHASE_STRIP = NO;
				DEBUG_INFORMATION_FORMAT = dwarf;
				ENABLE_STRICT_OBJC_MSGSEND = YES;
				ENABLE_TESTABILITY = YES;
				GCC_C_LANGUAGE_STANDARD = gnu99;
				GCC_DYNAMIC_NO_PIC = NO;
				GCC_NO_COMMON_BLOCKS = YES;
				GCC_OPTIMIZATION_LEVEL = 0;
				GCC_PREPROCESSOR_DEFINITIONS = (
					"DEBUG=1",
					"$(inherited)",
				);
				GCC_WARN_64_TO_32_BIT_CONVERSION = YES;
				GCC_WARN_ABOUT_RETURN_TYPE = YES_ERROR;
				GCC_WARN_UNDECLARED_SELECTOR = YES;
				GCC_WARN_UNINITIALIZED_AUTOS = YES_AGGRESSIVE;
				GCC_WARN_UNUSED_FUNCTION = YES;
				GCC_WARN_UNUSED_VARIABLE = YES;
				IPHONEOS_DEPLOYMENT_TARGET = 10.0;
				MTL_ENABLE_DEBUG_INFO = YES;
				ONLY_ACTIVE_ARCH = YES;
				SDKROOT = iphoneos;
				TARGETED_DEVICE_FAMILY = "1,2";
			};
			name = Debug;
		};
		CC9643EB1E4D5F5D00D05270 /* Release */ = {
			isa = XCBuildConfiguration;
			buildSettings = {
				ALWAYS_SEARCH_USER_PATHS = NO;
				CLANG_ANALYZER_NONNULL = YES;
				CLANG_CXX_LANGUAGE_STANDARD = "gnu++0x";
				CLANG_CXX_LIBRARY = "libc++";
				CLANG_ENABLE_MODULES = YES;
				CLANG_ENABLE_OBJC_ARC = YES;
				CLANG_WARN_BOOL_CONVERSION = YES;
				CLANG_WARN_CONSTANT_CONVERSION = YES;
				CLANG_WARN_DIRECT_OBJC_ISA_USAGE = YES_ERROR;
				CLANG_WARN_DOCUMENTATION_COMMENTS = YES;
				CLANG_WARN_EMPTY_BODY = YES;
				CLANG_WARN_ENUM_CONVERSION = YES;
				CLANG_WARN_INFINITE_RECURSION = YES;
				CLANG_WARN_INT_CONVERSION = YES;
				CLANG_WARN_OBJC_ROOT_CLASS = YES_ERROR;
				CLANG_WARN_SUSPICIOUS_MOVES = YES;
				CLANG_WARN_UNREACHABLE_CODE = YES;
				CLANG_WARN__DUPLICATE_METHOD_MATCH = YES;
				"CODE_SIGN_IDENTITY[sdk=iphoneos*]" = "iPhone Developer";
				COPY_PHASE_STRIP = NO;
				DEBUG_INFORMATION_FORMAT = "dwarf-with-dsym";
				ENABLE_NS_ASSERTIONS = NO;
				ENABLE_STRICT_OBJC_MSGSEND = YES;
				GCC_C_LANGUAGE_STANDARD = gnu99;
				GCC_NO_COMMON_BLOCKS = YES;
				GCC_WARN_64_TO_32_BIT_CONVERSION = YES;
				GCC_WARN_ABOUT_RETURN_TYPE = YES_ERROR;
				GCC_WARN_UNDECLARED_SELECTOR = YES;
				GCC_WARN_UNINITIALIZED_AUTOS = YES_AGGRESSIVE;
				GCC_WARN_UNUSED_FUNCTION = YES;
				GCC_WARN_UNUSED_VARIABLE = YES;
				IPHONEOS_DEPLOYMENT_TARGET = 10.0;
				MTL_ENABLE_DEBUG_INFO = NO;
				SDKROOT = iphoneos;
				TARGETED_DEVICE_FAMILY = "1,2";
				VALIDATE_PRODUCT = YES;
			};
			name = Release;
		};
		CC9643ED1E4D5F5D00D05270 /* Debug */ = {
			isa = XCBuildConfiguration;
			buildSettings = {
				ASSETCATALOG_COMPILER_APPICON_NAME = AppIcon;
				INFOPLIST_FILE = Instruments/Info.plist;
				LD_RUNPATH_SEARCH_PATHS = "$(inherited) @executable_path/Frameworks";
				PRODUCT_BUNDLE_IDENTIFIER = site.ok2.Instruments;
				PRODUCT_NAME = "$(TARGET_NAME)";
			};
			name = Debug;
		};
		CC9643EE1E4D5F5D00D05270 /* Release */ = {
			isa = XCBuildConfiguration;
			buildSettings = {
				ASSETCATALOG_COMPILER_APPICON_NAME = AppIcon;
				INFOPLIST_FILE = Instruments/Info.plist;
				LD_RUNPATH_SEARCH_PATHS = "$(inherited) @executable_path/Frameworks";
				PRODUCT_BUNDLE_IDENTIFIER = site.ok2.Instruments;
				PRODUCT_NAME = "$(TARGET_NAME)";
			};
			name = Release;
		};
		CC9643F01E4D5F5D00D05270 /* Debug */ = {
			isa = XCBuildConfiguration;
			buildSettings = {
				BUNDLE_LOADER = "$(TEST_HOST)";
				INFOPLIST_FILE = InstrumentsTests/Info.plist;
				LD_RUNPATH_SEARCH_PATHS = "$(inherited) @executable_path/Frameworks @loader_path/Frameworks";
				PRODUCT_BUNDLE_IDENTIFIER = site.ok2.InstrumentsTests;
				PRODUCT_NAME = "$(TARGET_NAME)";
				TEST_HOST = "$(BUILT_PRODUCTS_DIR)/Instruments.app/Instruments";
			};
			name = Debug;
		};
		CC9643F11E4D5F5D00D05270 /* Release */ = {
			isa = XCBuildConfiguration;
			buildSettings = {
				BUNDLE_LOADER = "$(TEST_HOST)";
				INFOPLIST_FILE = InstrumentsTests/Info.plist;
				LD_RUNPATH_SEARCH_PATHS = "$(inherited) @executable_path/Frameworks @loader_path/Frameworks";
				PRODUCT_BUNDLE_IDENTIFIER = site.ok2.InstrumentsTests;
				PRODUCT_NAME = "$(TARGET_NAME)";
				TEST_HOST = "$(BUILT_PRODUCTS_DIR)/Instruments.app/Instruments";
			};
			name = Release;
		};
		CC9643F31E4D5F5D00D05270 /* Debug */ = {
			isa = XCBuildConfiguration;
			buildSettings = {
				INFOPLIST_FILE = InstrumentsUITests/Info.plist;
				LD_RUNPATH_SEARCH_PATHS = "$(inherited) @executable_path/Frameworks @loader_path/Frameworks";
				PRODUCT_BUNDLE_IDENTIFIER = site.ok2.InstrumentsUITests;
				PRODUCT_NAME = "$(TARGET_NAME)";
				TEST_TARGET_NAME = Instruments;
			};
			name = Debug;
		};
		CC9643F41E4D5F5D00D05270 /* Release */ = {
			isa = XCBuildConfiguration;
			buildSettings = {
				INFOPLIST_FILE = InstrumentsUITests/Info.plist;
				LD_RUNPATH_SEARCH_PATHS = "$(inherited) @executable_path/Frameworks @loader_path/Frameworks";
				PRODUCT_BUNDLE_IDENTIFIER = site.ok2.InstrumentsUITests;
				PRODUCT_NAME = "$(TARGET_NAME)";
				TEST_TARGET_NAME = Instruments;
			};
			name = Release;
		};
/* End XCBuildConfiguration section */

/* Begin XCConfigurationList section */
		CC9643BA1E4D5F5D00D05270 /* Build configuration list for PBXProject "Instruments" */ = {
			isa = XCConfigurationList;
			buildConfigurations = (
				CC9643EA1E4D5F5D00D05270 /* Debug */,
				CC9643EB1E4D5F5D00D05270 /* Release */,
			);
			defaultConfigurationIsVisible = 0;
			defaultConfigurationName = Release;
		};
		CC9643EC1E4D5F5D00D05270 /* Build configuration list for PBXNativeTarget "Instruments" */ = {
			isa = XCConfigurationList;
			buildConfigurations = (
				CC9643ED1E4D5F5D00D05270 /* Debug */,
				CC9643EE1E4D5F5D00D05270 /* Release */,
			);
			defaultConfigurationIsVisible = 0;
			defaultConfigurationName = Release;
		};
		CC9643EF1E4D5F5D00D05270 /* Build configuration list for PBXNativeTarget "InstrumentsTests" */ = {
			isa = XCConfigurationList;
			buildConfigurations = (
				CC9643F01E4D5F5D00D05270 /* Debug */,
				CC9643F11E4D5F5D00D05270 /* Release */,
			);
			defaultConfigurationIsVisible = 0;
			defaultConfigurationName = Release;
		};
		CC9643F21E4D5F5D00D05270 /* Build configuration list for PBXNativeTarget "InstrumentsUITests" */ = {
			isa = XCConfigurationList;
			buildConfigurations = (
				CC9643F31E4D5F5D00D05270 /* Debug */,
				CC9643F41E4D5F5D00D05270 /* Release */,
			);
			defaultConfigurationIsVisible = 0;
			defaultConfigurationName = Release;
		};
/* End XCConfigurationList section */
	};
	rootObject = CC9643B71E4D5F5D00D05270 /* Project object */;
}
